# This is a Gradle generated file for dependency locking.
# Manual edits can break the build and are not advised.
# This file is expected to be part of source control.
# To regenerate this file, run: ./gradlew :dependencies --write-locks
biz.aQute.bnd:biz.aQute.bnd.annotation:7.1.0=compileClasspath
com.google.auto.service:auto-service-annotations:1.1.1=compileClasspath,testCompileClasspath
com.google.code.findbugs:jsr305:3.0.2=compileClasspath,testCompileClasspath,testRuntimeClasspath
com.google.code.gson:gson:2.11.0=compileClasspath,testCompileClasspath,testRuntimeClasspath
com.google.errorprone:error_prone_annotations:2.28.0=testCompileClasspath,testRuntimeClasspath
com.google.errorprone:error_prone_annotations:2.38.0=compileClasspath
com.google.guava:failureaccess:1.0.2=compileClasspath,testCompileClasspath,testRuntimeClasspath
com.google.guava:guava:33.3.1-jre=compileClasspath,testCompileClasspath,testRuntimeClasspath
com.google.guava:listenablefuture:9999.0-empty-to-avoid-conflict-with-guava=compileClasspath,testCompileClasspath,testRuntimeClasspath
com.google.j2objc:j2objc-annotations:3.0.0=compileClasspath,testCompileClasspath,testRuntimeClasspath
com.mojang:brigadier:1.3.10=compileClasspath,testCompileClasspath,testRuntimeClasspath
commons-codec:commons-codec:1.16.0=testRuntimeClasspath
io.github.classgraph:classgraph:4.8.186=testRuntimeClasspath
io.github.java-diff-utils:java-diff-utils:4.16=testRuntimeClasspath
io.github.pdvrieze.xmlutil:core-jvmcommon:0.91.3=testRuntimeClasspath
io.github.pdvrieze.xmlutil:core:0.91.3=testRuntimeClasspath
io.github.pdvrieze.xmlutil:serialization-jvm:0.91.3=testRuntimeClasspath
io.github.pdvrieze.xmlutil:serialization:0.91.3=testRuntimeClasspath
io.kotest:kotest-assertions-core-jvm:6.2.4=testCompileClasspath,testRuntimeClasspath
io.kotest:kotest-assertions-core:6.2.4=testCompileClasspath,testRuntimeClasspath
io.kotest:kotest-assertions-shared-jvm:6.2.4=testCompileClasspath,testRuntimeClasspath
io.kotest:kotest-assertions-shared:6.2.4=testCompileClasspath,testRuntimeClasspath
io.kotest:kotest-common-jvm:6.2.4=testCompileClasspath,testRuntimeClasspath
io.kotest:kotest-common:6.2.4=testCompileClasspath,testRuntimeClasspath
io.kotest:kotest-extensions-jvm:6.2.4=testCompileClasspath,testRuntimeClasspath
io.kotest:kotest-extensions:6.2.4=testCompileClasspath,testRuntimeClasspath
io.kotest:kotest-framework-engine-jvm:6.2.4=testCompileClasspath,testRuntimeClasspath
io.kotest:kotest-framework-engine:6.2.4=testCompileClasspath,testRuntimeClasspath
io.kotest:kotest-runner-junit-platform-jvm:6.2.4=testCompileClasspath,testRuntimeClasspath
io.kotest:kotest-runner-junit-platform:6.2.4=testCompileClasspath,testRuntimeClasspath
io.kotest:kotest-runner-junit5-jvm:6.2.4=testCompileClasspath,testRuntimeClasspath
io.kotest:kotest-runner-junit5:6.2.4=testCompileClasspath,testRuntimeClasspath
io.micrometer:micrometer-commons:1.14.5=compileClasspath,testCompileClasspath
io.micrometer:micrometer-core:1.14.5=compileClasspath,testCompileClasspath
io.micrometer:micrometer-observation:1.14.5=compileClasspath,testCompileClasspath
io.micrometer:micrometer-registry-prometheus:1.14.5=compileClasspath,testCompileClasspath
io.mockk:mockk-agent-api-jvm:1.14.11=testCompileClasspath,testRuntimeClasspath
io.mockk:mockk-agent-api:1.14.11=testCompileClasspath,testRuntimeClasspath
io.mockk:mockk-agent-jvm:1.14.11=testCompileClasspath,testRuntimeClasspath
io.mockk:mockk-agent:1.14.11=testCompileClasspath,testRuntimeClasspath
io.mockk:mockk-core-jvm:1.14.11=testCompileClasspath,testRuntimeClasspath
io.mockk:mockk-core:1.14.11=testCompileClasspath,testRuntimeClasspath
io.mockk:mockk-dsl-jvm:1.14.11=testCompileClasspath,testRuntimeClasspath
io.mockk:mockk-dsl:1.14.11=testCompileClasspath,testRuntimeClasspath
io.mockk:mockk-jvm:1.14.11=testCompileClasspath,testRuntimeClasspath
io.mockk:mockk:1.14.11=testCompileClasspath,testRuntimeClasspath
io.papermc.paper:paper-api:1.21.11-R0.1-SNAPSHOT=compileClasspath,testCompileClasspath,testRuntimeClasspath
io.prometheus:prometheus-metrics-config:1.3.6=compileClasspath,testCompileClasspath
io.prometheus:prometheus-metrics-core:1.3.6=compileClasspath,testCompileClasspath
io.prometheus:prometheus-metrics-model:1.3.6=compileClasspath,testCompileClasspath
io.prometheus:prometheus-metrics-tracer-common:1.3.6=compileClasspath,testCompileClasspath
it.unimi.dsi:fastutil:8.5.15=compileClasspath,testCompileClasspath,testRuntimeClasspath
javax.inject:javax.inject:1=compileClasspath,testCompileClasspath,testRuntimeClasspath
me.clip:placeholderapi:2.12.3=compileClasspath,testCompileClasspath,testRuntimeClasspath
net.bytebuddy:byte-buddy-agent:1.18.2=testCompileClasspath,testRuntimeClasspath
net.bytebuddy:byte-buddy:1.18.2=testCompileClasspath
net.bytebuddy:byte-buddy:1.18.8=testRuntimeClasspath
net.coreprotect:coreprotect:23.2=compileClasspath,testRuntimeClasspath
net.java.dev.jna:jna-platform:5.9.0=testCompileClasspath,testRuntimeClasspath
net.java.dev.jna:jna:5.9.0=testCompileClasspath,testRuntimeClasspath
net.kyori:adventure-api:4.26.1=compileClasspath,testCompileClasspath,testRuntimeClasspath
net.kyori:adventure-bom:4.26.1=compileClasspath,testCompileClasspath,testRuntimeClasspath
net.kyori:adventure-key:4.26.1=compileClasspath,testCompileClasspath,testRuntimeClasspath
net.kyori:adventure-nbt:4.26.1=testRuntimeClasspath
net.kyori:adventure-platform-bungeecord:4.4.1=testRuntimeClasspath
net.kyori:adventure-platform-facet:4.4.1=testRuntimeClasspath
net.kyori:adventure-text-logger-slf4j:4.26.1=compileClasspath,testCompileClasspath,testRuntimeClasspath
net.kyori:adventure-text-minimessage:4.26.1=compileClasspath,testCompileClasspath,testRuntimeClasspath
net.kyori:adventure-text-serializer-bungeecord:4.4.1=testRuntimeClasspath
net.kyori:adventure-text-serializer-commons:4.26.1=testRuntimeClasspath
net.kyori:adventure-text-serializer-gson:4.26.1=compileClasspath,testCompileClasspath,testRuntimeClasspath
net.kyori:adventure-text-serializer-json:4.26.1=compileClasspath,testCompileClasspath,testRuntimeClasspath
net.kyori:adventure-text-serializer-legacy:4.26.1=compileClasspath,testCompileClasspath,testRuntimeClasspath
net.kyori:adventure-text-serializer-plain:4.26.1=compileClasspath,testCompileClasspath,testRuntimeClasspath
net.kyori:examination-api:1.3.0=compileClasspath,testCompileClasspath,testRuntimeClasspath
net.kyori:examination-string:1.3.0=compileClasspath,testCompileClasspath,testRuntimeClasspath
net.kyori:option:1.1.0=compileClasspath,testCompileClasspath,testRuntimeClasspath
net.md-5:bungeecord-chat:1.21-R0.2-deprecated+build.21=compileClasspath,testCompileClasspath,testRuntimeClasspath
org.apache.commons:commons-lang3:3.12.0=compileClasspath,testCompileClasspath,testRuntimeClasspath
org.apache.httpcomponents:httpclient:4.5.14=testRuntimeClasspath
org.apache.httpcomponents:httpcore:4.4.16=testRuntimeClasspath
org.apache.logging.log4j:log4j-api:2.24.1=testCompileClasspath
org.apache.logging.log4j:log4j-api:2.25.4=compileClasspath,testRuntimeClasspath
org.apache.logging.log4j:log4j-core:2.25.4=compileClasspath,testRuntimeClasspath
org.apache.maven.resolver:maven-resolver-api:1.9.18=compileClasspath,testCompileClasspath,testRuntimeClasspath
org.apache.maven.resolver:maven-resolver-connector-basic:1.9.18=testRuntimeClasspath
org.apache.maven.resolver:maven-resolver-impl:1.9.18=compileClasspath,testCompileClasspath,testRuntimeClasspath
org.apache.maven.resolver:maven-resolver-named-locks:1.9.18=compileClasspath,testCompileClasspath,testRuntimeClasspath
org.apache.maven.resolver:maven-resolver-spi:1.9.18=compileClasspath,testCompileClasspath,testRuntimeClasspath
org.apache.maven.resolver:maven-resolver-transport-http:1.9.18=testRuntimeClasspath
org.apache.maven.resolver:maven-resolver-util:1.9.18=compileClasspath,testCompileClasspath,testRuntimeClasspath
org.apache.maven:maven-artifact:3.9.6=compileClasspath,testCompileClasspath,testRuntimeClasspath
org.apache.maven:maven-builder-support:3.9.6=compileClasspath,testCompileClasspath,testRuntimeClasspath
org.apache.maven:maven-model-builder:3.9.6=compileClasspath,testCompileClasspath,testRuntimeClasspath
org.apache.maven:maven-model:3.9.6=compileClasspath,testCompileClasspath,testRuntimeClasspath
org.apache.maven:maven-repository-metadata:3.9.6=compileClasspath,testCompileClasspath,testRuntimeClasspath
org.apache.maven:maven-resolver-provider:3.9.6=compileClasspath,testCompileClasspath,testRuntimeClasspath
org.apiguardian:apiguardian-api:1.1.2=testCompileClasspath
org.bstats:bstats-base:3.2.1=compileClasspath,runtimeClasspath,testCompileClasspath,testRuntimeClasspath
org.bstats:bstats-bukkit:3.2.1=compileClasspath,runtimeClasspath,testCompileClasspath,testRuntimeClasspath
org.checkerframework:checker-qual:3.43.0=testRuntimeClasspath
org.checkerframework:checker-qual:3.49.2=compileClasspath,testCompileClasspath
org.codehaus.plexus:plexus-interpolation:1.26=compileClasspath,testCompileClasspath,testRuntimeClasspath
org.codehaus.plexus:plexus-utils:3.5.1=compileClasspath,testCompileClasspath,testRuntimeClasspath
org.eclipse.sisu:org.eclipse.sisu.inject:0.9.0.M2=compileClasspath,testCompileClasspath,testRuntimeClasspath
org.hamcrest:hamcrest:3.0=testCompileClasspath,testRuntimeClasspath
org.jacoco:org.jacoco.agent:0.8.14=jacocoAgent,jacocoAnt
org.jacoco:org.jacoco.ant:0.8.14=jacocoAnt
org.jacoco:org.jacoco.core:0.8.14=jacocoAnt
org.jacoco:org.jacoco.report:0.8.14=jacocoAnt
org.jetbrains.kotlin:kotlin-build-tools-api:2.4.0=kotlinAbiValidationCompatClasspath
org.jetbrains.kotlin:kotlin-build-tools-api:2.4.10=kotlinBuildToolsApiClasspath,kotlinCompilerClasspath,kotlinKlibCommonizerClasspath
org.jetbrains.kotlin:kotlin-build-tools-compat:2.4.10=kotlinAbiValidationCompatClasspath,kotlinBuildToolsApiClasspath,kotlinCompilerClasspath
org.jetbrains.kotlin:kotlin-build-tools-cri-impl:2.4.0=kotlinAbiValidationCompatClasspath
org.jetbrains.kotlin:kotlin-build-tools-cri-impl:2.4.10=kotlinBuildToolsApiClasspath,kotlinCompilerClasspath
org.jetbrains.kotlin:kotlin-build-tools-impl:2.4.0=kotlinAbiValidationCompatClasspath
org.jetbrains.kotlin:kotlin-build-tools-impl:2.4.10=kotlinBuildToolsApiClasspath,kotlinCompilerClasspath
org.jetbrains.kotlin:kotlin-compiler-embeddable:2.4.0=kotlinAbiValidationCompatClasspath
org.jetbrains.kotlin:kotlin-compiler-embeddable:2.4.10=kotlinBuildToolsApiClasspath,kotlinCompilerClasspath,kotlinKlibCommonizerClasspath
org.jetbrains.kotlin:kotlin-compiler-runner:2.4.0=kotlinAbiValidationCompatClasspath
org.jetbrains.kotlin:kotlin-compiler-runner:2.4.10=kotlinBuildToolsApiClasspath,kotlinCompilerClasspath
org.jetbrains.kotlin:kotlin-daemon-client:2.4.0=kotlinAbiValidationCompatClasspath
org.jetbrains.kotlin:kotlin-daemon-client:2.4.10=kotlinBuildToolsApiClasspath,kotlinCompilerClasspath
org.jetbrains.kotlin:kotlin-daemon-embeddable:2.4.0=kotlinAbiValidationCompatClasspath
org.jetbrains.kotlin:kotlin-daemon-embeddable:2.4.10=kotlinBuildToolsApiClasspath,kotlinCompilerClasspath,kotlinKlibCommonizerClasspath
org.jetbrains.kotlin:kotlin-klib-commonizer-embeddable:2.4.10=kotlinKlibCommonizerClasspath
org.jetbrains.kotlin:kotlin-reflect:1.6.10=kotlinAbiValidationCompatClasspath,kotlinBuildToolsApiClasspath,kotlinCompilerClasspath,kotlinKlibCommonizerClasspath
org.jetbrains.kotlin:kotlin-reflect:2.2.21=testRuntimeClasspath
org.jetbrains.kotlin:kotlin-script-runtime:2.4.0=kotlinAbiValidationCompatClasspath
org.jetbrains.kotlin:kotlin-script-runtime:2.4.10=kotlinBuildToolsApiClasspath,kotlinCompilerClasspath,kotlinCompilerPluginClasspathMain,kotlinCompilerPluginClasspathTest,kotlinKlibCommonizerClasspath
org.jetbrains.kotlin:kotlin-scripting-common:2.4.10=kotlinCompilerPluginClasspathMain,kotlinCompilerPluginClasspathTest
org.jetbrains.kotlin:kotlin-scripting-compiler-embeddable:2.4.10=kotlinCompilerPluginClasspathMain,kotlinCompilerPluginClasspathTest
org.jetbrains.kotlin:kotlin-scripting-compiler-impl-embeddable:2.4.10=kotlinCompilerPluginClasspathMain,kotlinCompilerPluginClasspathTest
org.jetbrains.kotlin:kotlin-scripting-jvm:2.4.10=kotlinCompilerPluginClasspathMain,kotlinCompilerPluginClasspathTest
org.jetbrains.kotlin:kotlin-stdlib:2.4.0=kotlinAbiValidationCompatClasspath
org.jetbrains.kotlin:kotlin-stdlib:2.4.10=compileClasspath,kotlinBuildToolsApiClasspath,kotlinCompilerClasspath,kotlinCompilerPluginClasspathMain,kotlinCompilerPluginClasspathTest,kotlinKlibCommonizerClasspath,runtimeClasspath,testCompileClasspath,testRuntimeClasspath
org.jetbrains.kotlin:kotlin-tooling-core:2.4.10=kotlinAbiValidationCompatClasspath,kotlinBuildToolsApiClasspath,kotlinCompilerClasspath
org.jetbrains.kotlinx:kotlinx-coroutines-bom:1.10.2=testCompileClasspath,testRuntimeClasspath
org.jetbrains.kotlinx:kotlinx-coroutines-core-jvm:1.10.2=testCompileClasspath,testRuntimeClasspath
org.jetbrains.kotlinx:kotlinx-coroutines-core-jvm:1.8.0=kotlinAbiValidationCompatClasspath,kotlinBuildToolsApiClasspath,kotlinCompilerClasspath,kotlinKlibCommonizerClasspath
org.jetbrains.kotlinx:kotlinx-coroutines-core:1.10.2=testCompileClasspath,testRuntimeClasspath
org.jetbrains.kotlinx:kotlinx-coroutines-debug:1.10.2=testCompileClasspath,testRuntimeClasspath
org.jetbrains.kotlinx:kotlinx-coroutines-jdk8:1.10.2=testRuntimeClasspath
org.jetbrains.kotlinx:kotlinx-coroutines-test-jvm:1.10.2=testRuntimeClasspath
org.jetbrains.kotlinx:kotlinx-coroutines-test:1.10.2=testRuntimeClasspath
org.jetbrains.kotlinx:kotlinx-io-bytestring-jvm:0.8.2=testRuntimeClasspath
org.jetbrains.kotlinx:kotlinx-io-bytestring:0.8.2=testRuntimeClasspath
org.jetbrains.kotlinx:kotlinx-io-core-jvm:0.8.2=testRuntimeClasspath
org.jetbrains.kotlinx:kotlinx-io-core:0.8.2=testRuntimeClasspath
org.jetbrains.kotlinx:kotlinx-serialization-bom:1.9.0=testRuntimeClasspath
org.jetbrains.kotlinx:kotlinx-serialization-core-jvm:1.9.0=testRuntimeClasspath
org.jetbrains.kotlinx:kotlinx-serialization-core:1.9.0=testRuntimeClasspath
org.jetbrains:annotations:13.0=kotlinAbiValidationCompatClasspath,kotlinBuildToolsApiClasspath,kotlinCompilerClasspath,kotlinCompilerPluginClasspathMain,kotlinCompilerPluginClasspathTest,kotlinKlibCommonizerClasspath,runtimeClasspath
org.jetbrains:annotations:26.0.2-1=compileClasspath
org.jetbrains:annotations:26.1.0=testCompileClasspath,testRuntimeClasspath
org.joml:joml:1.10.8=compileClasspath,testCompileClasspath,testRuntimeClasspath
org.jspecify:jspecify:1.0.0=compileClasspath,testCompileClasspath,testRuntimeClasspath
org.junit.jupiter:junit-jupiter-api:5.13.4=testCompileClasspath
org.junit.jupiter:junit-jupiter-api:6.0.3=testRuntimeClasspath
org.junit.platform:junit-platform-commons:1.13.4=testCompileClasspath
org.junit.platform:junit-platform-commons:6.0.3=testRuntimeClasspath
org.junit.platform:junit-platform-engine:1.13.4=testCompileClasspath
org.junit.platform:junit-platform-engine:6.0.3=testRuntimeClasspath
org.junit.platform:junit-platform-launcher:1.13.4=testCompileClasspath
org.junit.platform:junit-platform-launcher:6.0.3=testRuntimeClasspath
org.junit.platform:junit-platform-suite-api:1.13.4=testCompileClasspath
org.junit.platform:junit-platform-suite-api:6.0.3=testRuntimeClasspath
org.junit:junit-bom:5.13.4=testCompileClasspath
org.junit:junit-bom:6.0.3=testRuntimeClasspath
org.mockbukkit.mockbukkit:mockbukkit-v1.21:4.110.0=testCompileClasspath,testRuntimeClasspath
org.objenesis:objenesis:3.4=testCompileClasspath,testRuntimeClasspath
org.opentest4j:opentest4j:1.3.0=testCompileClasspath,testRuntimeClasspath
org.osgi:org.osgi.annotation.bundle:2.0.0=compileClasspath
org.osgi:org.osgi.annotation.versioning:1.1.2=compileClasspath
org.osgi:org.osgi.resource:1.0.0=compileClasspath
org.osgi:org.osgi.service.serviceloader:1.0.0=compileClasspath
org.ow2.asm:asm-commons:9.9=jacocoAnt
org.ow2.asm:asm-tree:9.9=jacocoAnt
org.ow2.asm:asm:9.9=jacocoAnt
org.slf4j:jcl-over-slf4j:1.7.36=testRuntimeClasspath
org.slf4j:slf4j-api:2.0.16=compileClasspath,testCompileClasspath,testRuntimeClasspath
org.yaml:snakeyaml:2.2=compileClasspath,testCompileClasspath,testRuntimeClasspath
ru.ruscrafting.arc:arc-core-logging:2.0.2=compileClasspath,testCompileClasspath
ru.ruscrafting.arc:arc-core-metrics:2.0.2=compileClasspath,testCompileClasspath
ru.ruscrafting.arc:arc-core-paper-testing:2.0.2=testCompileClasspath,testRuntimeClasspath
ru.ruscrafting.arc:arc-core-paper:2.0.2=compileClasspath,runtimeClasspath,testCompileClasspath,testRuntimeClasspath
ru.ruscrafting.arc:arc-core:2.0.2=compileClasspath,runtimeClasspath,testCompileClasspath,testRuntimeClasspath
empty=annotationProcessor,implementationDependenciesMetadata,kotlinCompilerPluginClasspath,kotlinNativeCompilerPluginClasspath,kotlinScriptDefExtensions,shadow,testAnnotationProcessor,testImplementationDependenciesMetadata,testKotlinScriptDefExtensions
